// !$*UTF8*$!
{
	archiveVersion = 1;
	classes = {
	};
	objectVersion = 46;
	objects = {

/* Begin PBXBuildFile section */
		03012D1D1D29EF27003C4924 /* main.m in Sources */ = {isa = PBXBuildFile; fileRef = 03012D1C1D29EF27003C4924 /* main.m */; };
		03012D201D29EF27003C4924 /* AppDelegate.m in Sources */ = {isa = PBXBuildFile; fileRef = 03012D1F1D29EF27003C4924 /* AppDelegate.m */; };
		03012D231D29EF27003C4924 /* ViewController.m in Sources */ = {isa = PBXBuildFile; fileRef = 03012D221D29EF27003C4924 /* ViewController.m */; };
		03012D261D29EF27003C4924 /* Main.storyboard in Resources */ = {isa = PBXBuildFile; fileRef = 03012D241D29EF27003C4924 /* Main.storyboard */; };
		03012D291D29EF27003C4924 /* ____.xcdatamodeld in Sources */ = {isa = PBXBuildFile; fileRef = 03012D271D29EF27003C4924 /* ____.xcdatamodeld */; };
		03012D2B1D29EF27003C4924 /* Assets.xcassets in Resources */ = {isa = PBXBuildFile; fileRef = 03012D2A1D29EF27003C4924 /* Assets.xcassets */; };
		03012D2E1D29EF27003C4924 /* LaunchScreen.storyboard in Resources */ = {isa = PBXBuildFile; fileRef = 03012D2C1D29EF27003C4924 /* LaunchScreen.storyboard */; };
		03C33E831D29FF5E00955737 /* XTabBar.m in Sources */ = {isa = PBXBuildFile; fileRef = 03C33E821D29FF5E00955737 /* XTabBar.m */; };
		03C33E861D29FF9400955737 /* XNavigationController.m in Sources */ = {isa = PBXBuildFile; fileRef = 03C33E851D29FF9400955737 /* XNavigationController.m */; };
		03C33E891D29FFF700955737 /* UIBarButtonItem+CustomItem.m in Sources */ = {isa = PBXBuildFile; fileRef = 03C33E881D29FFF700955737 /* UIBarButtonItem+CustomItem.m */; };
		03C33E901D2A00E600955737 /* NSObject+FileWithBundle.m in Sources */ = {isa = PBXBuildFile; fileRef = 03C33E8D1D2A00E600955737 /* NSObject+FileWithBundle.m */; };
		03C33E911D2A00E600955737 /* UIView+SetSize.m in Sources */ = {isa = PBXBuildFile; fileRef = 03C33E8F1D2A00E600955737 /* UIView+SetSize.m */; };
		03C33E941D2A06D300955737 /* MainPage.m in Sources */ = {isa = PBXBuildFile; fileRef = 03C33E931D2A06D300955737 /* MainPage.m */; };
		03C33E971D2A095900955737 /* XAlertViewHelper.m in Sources */ = {isa = PBXBuildFile; fileRef = 03C33E961D2A095900955737 /* XAlertViewHelper.m */; };
/* End PBXBuildFile section */

/* Begin PBXFileReference section */
		03012D181D29EF27003C4924 /* 童伙妈妈.app */ = {isa = PBXFileReference; explicitFileType = wrapper.application; includeInIndex = 0; path = "童伙妈妈.app"; sourceTree = BUILT_PRODUCTS_DIR; };
		03012D1C1D29EF27003C4924 /* main.m */ = {isa = PBXFileReference; lastKnownFileType = sourcecode.c.objc; path = main.m; sourceTree = "<group>"; };
		03012D1E1D29EF27003C4924 /* AppDelegate.h */ = {isa = PBXFileReference; lastKnownFileType = sourcecode.c.h; path = AppDelegate.h; sourceTree = "<group>"; };
		03012D1F1D29EF27003C4924 /* AppDelegate.m */ = {isa = PBXFileReference; lastKnownFileType = sourcecode.c.objc; path = AppDelegate.m; sourceTree = "<group>"; };
		03012D211D29EF27003C4924 /* ViewController.h */ = {isa = PBXFileReference; lastKnownFileType = sourcecode.c.h; path = ViewController.h; sourceTree = "<group>"; };
		03012D221D29EF27003C4924 /* ViewController.m */ = {isa = PBXFileReference; lastKnownFileType = sourcecode.c.objc; path = ViewController.m; sourceTree = "<group>"; };
		03012D251D29EF27003C4924 /* Base */ = {isa = PBXFileReference; lastKnownFileType = file.storyboard; name = Base; path = Base.lproj/Main.storyboard; sourceTree = "<group>"; };
		03012D281D29EF27003C4924 /* ____.xcdatamodel */ = {isa = PBXFileReference; lastKnownFileType = wrapper.xcdatamodel; path = "____.xcdatamodel"; sourceTree = "<group>"; };
		03012D2A1D29EF27003C4924 /* Assets.xcassets */ = {isa = PBXFileReference; lastKnownFileType = folder.assetcatalog; path = Assets.xcassets; sourceTree = "<group>"; };
		03012D2D1D29EF27003C4924 /* Base */ = {isa = PBXFileReference; lastKnownFileType = file.storyboard; name = Base; path = Base.lproj/LaunchScreen.storyboard; sourceTree = "<group>"; };
		03012D2F1D29EF27003C4924 /* Info.plist */ = {isa = PBXFileReference; lastKnownFileType = text.plist.xml; path = Info.plist; sourceTree = "<group>"; };
		03C33E7E1D29FCDA00955737 /* XAlertViewHelper.h */ = {isa = PBXFileReference; fileEncoding = 4; lastKnownFileType = sourcecode.c.h; path = XAlertViewHelper.h; sourceTree = "<group>"; };
		03C33E7F1D29FCDA00955737 /* XAlertViewHelper.m */ = {isa = PBXFileReference; fileEncoding = 4; lastKnownFileType = sourcecode.c.objc; path = XAlertViewHelper.m; sourceTree = "<group>"; };
		03C33E811D29FF5E00955737 /* XTabBar.h */ = {isa = PBXFileReference; fileEncoding = 4; lastKnownFileType = sourcecode.c.h; path = XTabBar.h; sourceTree = "<group>"; };
		03C33E821D29FF5E00955737 /* XTabBar.m */ = {isa = PBXFileReference; fileEncoding = 4; lastKnownFileType = sourcecode.c.objc; path = XTabBar.m; sourceTree = "<group>"; };
		03C33E841D29FF9400955737 /* XNavigationController.h */ = {isa = PBXFileReference; fileEncoding = 4; lastKnownFileType = sourcecode.c.h; path = XNavigationController.h; sourceTree = "<group>"; };
		03C33E851D29FF9400955737 /* XNavigationController.m */ = {isa = PBXFileReference; fileEncoding = 4; lastKnownFileType = sourcecode.c.objc; path = XNavigationController.m; sourceTree = "<group>"; };
		03C33E871D29FFF700955737 /* UIBarButtonItem+CustomItem.h */ = {isa = PBXFileReference; fileEncoding = 4; lastKnownFileType = sourcecode.c.h; path = "UIBarButtonItem+CustomItem.h"; sourceTree = "<group>"; };
		03C33E881D29FFF700955737 /* UIBarButtonItem+CustomItem.m */ = {isa = PBXFileReference; fileEncoding = 4; lastKnownFileType = sourcecode.c.objc; path = "UIBarButtonItem+CustomItem.m"; sourceTree = "<group>"; };
		03C33E8B1D2A006100955737 /* PrefixHeader.pch */ = {isa = PBXFileReference; lastKnownFileType = sourcecode.c.h; name = PrefixHeader.pch; path = ../PrefixHeader.pch; sourceTree = "<group>"; };
		03C33E8C1D2A00E600955737 /* NSObject+FileWithBundle.h */ = {isa = PBXFileReference; fileEncoding = 4; lastKnownFileType = sourcecode.c.h; path = "NSObject+FileWithBundle.h"; sourceTree = "<group>"; };
		03C33E8D1D2A00E600955737 /* NSObject+FileWithBundle.m */ = {isa = PBXFileReference; fileEncoding = 4; lastKnownFileType = sourcecode.c.objc; path = "NSObject+FileWithBundle.m"; sourceTree = "<group>"; };
		03C33E8E1D2A00E600955737 /* UIView+SetSize.h */ = {isa = PBXFileReference; fileEncoding = 4; lastKnownFileType = sourcecode.c.h; path = "UIView+SetSize.h"; sourceTree = "<group>"; };
		03C33E8F1D2A00E600955737 /* UIView+SetSize.m */ = {isa = PBXFileReference; fileEncoding = 4; lastKnownFileType = sourcecode.c.objc; path = "UIView+SetSize.m"; sourceTree = "<group>"; };
		03C33E921D2A06D300955737 /* MainPage.h */ = {isa = PBXFileReference; fileEncoding = 4; lastKnownFileType = sourcecode.c.h; path = MainPage.h; sourceTree = "<group>"; };
		03C33E931D2A06D300955737 /* MainPage.m */ = {isa = PBXFileReference; fileEncoding = 4; lastKnownFileType = sourcecode.c.objc; path = MainPage.m; sourceTree = "<group>"; };
		03C33E951D2A095800955737 /* XAlertViewHelper.h */ = {isa = PBXFileReference; fileEncoding = 4; lastKnownFileType = sourcecode.c.h; path = XAlertViewHelper.h; sourceTree = "<group>"; };
		03C33E961D2A095900955737 /* XAlertViewHelper.m */ = {isa = PBXFileReference; fileEncoding = 4; lastKnownFileType = sourcecode.c.objc; path = XAlertViewHelper.m; sourceTree = "<group>"; };
/* End PBXFileReference section */

/* Begin PBXFrameworksBuildPhase section */
		03012D151D29EF27003C4924 /* Frameworks */ = {
			isa = PBXFrameworksBuildPhase;
			buildActionMask = 2147483647;
			files = (
			);
			runOnlyForDeploymentPostprocessing = 0;
		};
/* End PBXFrameworksBuildPhase section */

/* Begin PBXGroup section */
		03012D0F1D29EF27003C4924 = {
			isa = PBXGroup;
			children = (
				03012D1A1D29EF27003C4924 /* 童伙妈妈 */,
				03012D191D29EF27003C4924 /* Products */,
			);
			sourceTree = "<group>";
		};
		03012D191D29EF27003C4924 /* Products */ = {
			isa = PBXGroup;
			children = (
				03012D181D29EF27003C4924 /* 童伙妈妈.app */,
			);
			name = Products;
			sourceTree = "<group>";
		};
		03012D1A1D29EF27003C4924 /* 童伙妈妈 */ = {
			isa = PBXGroup;
			children = (
				03C33E951D2A095800955737 /* XAlertViewHelper.h */,
				03C33E961D2A095900955737 /* XAlertViewHelper.m */,
				03C33E8B1D2A006100955737 /* PrefixHeader.pch */,
				03C33E811D29FF5E00955737 /* XTabBar.h */,
				03C33E821D29FF5E00955737 /* XTabBar.m */,
				03C33E8C1D2A00E600955737 /* NSObject+FileWithBundle.h */,
				03C33E8D1D2A00E600955737 /* NSObject+FileWithBundle.m */,
				03C33E8E1D2A00E600955737 /* UIView+SetSize.h */,
				03C33E8F1D2A00E600955737 /* UIView+SetSize.m */,
				03C33E871D29FFF700955737 /* UIBarButtonItem+CustomItem.h */,
				03C33E881D29FFF700955737 /* UIBarButtonItem+CustomItem.m */,
				03C33E841D29FF9400955737 /* XNavigationController.h */,
				03C33E851D29FF9400955737 /* XNavigationController.m */,
				03C33E921D2A06D300955737 /* MainPage.h */,
				03C33E931D2A06D300955737 /* MainPage.m */,
				03C33E7E1D29FCDA00955737 /* XAlertViewHelper.h */,
				03C33E7F1D29FCDA00955737 /* XAlertViewHelper.m */,
				03012D1E1D29EF27003C4924 /* AppDelegate.h */,
				03012D1F1D29EF27003C4924 /* AppDelegate.m */,
				03012D211D29EF27003C4924 /* ViewController.h */,
				03012D221D29EF27003C4924 /* ViewController.m */,
				03012D241D29EF27003C4924 /* Main.storyboard */,
				03012D2A1D29EF27003C4924 /* Assets.xcassets */,
				03012D2C1D29EF27003C4924 /* LaunchScreen.storyboard */,
				03012D2F1D29EF27003C4924 /* Info.plist */,
				03012D271D29EF27003C4924 /* ____.xcdatamodeld */,
				03012D1B1D29EF27003C4924 /* Supporting Files */,
			);
			path = "童伙妈妈";
			sourceTree = "<group>";
		};
		03012D1B1D29EF27003C4924 /* Supporting Files */ = {
			isa = PBXGroup;
			children = (
				03012D1C1D29EF27003C4924 /* main.m */,
			);
			name = "Supporting Files";
			sourceTree = "<group>";
		};
/* End PBXGroup section */

/* Begin PBXNativeTarget section */
		03012D171D29EF27003C4924 /* 童伙妈妈 */ = {
			isa = PBXNativeTarget;
			buildConfigurationList = 03012D321D29EF27003C4924 /* Build configuration list for PBXNativeTarget "童伙妈妈" */;
			buildPhases = (
				03012D141D29EF27003C4924 /* Sources */,
				03012D151D29EF27003C4924 /* Frameworks */,
				03012D161D29EF27003C4924 /* Resources */,
			);
			buildRules = (
			);
			dependencies = (
			);
			name = "童伙妈妈";
			productName = "童伙妈妈";
			productReference = 03012D181D29EF27003C4924 /* 童伙妈妈.app */;
			productType = "com.apple.product-type.application";
		};
/* End PBXNativeTarget section */

/* Begin PBXProject section */
		03012D101D29EF27003C4924 /* Project object */ = {
			isa = PBXProject;
			attributes = {
				LastUpgradeCheck = 0730;
				ORGANIZATIONNAME = xionghuanxin;
				TargetAttributes = {
					03012D171D29EF27003C4924 = {
						CreatedOnToolsVersion = 7.2.1;
						DevelopmentTeam = PBRT9CT95H;
					};
				};
			};
			buildConfigurationList = 03012D131D29EF27003C4924 /* Build configuration list for PBXProject "童伙妈妈" */;
			compatibilityVersion = "Xcode 3.2";
			developmentRegion = English;
			hasScannedForEncodings = 0;
			knownRegions = (
				en,
				Base,
			);
			mainGroup = 03012D0F1D29EF27003C4924;
			productRefGroup = 03012D191D29EF27003C4924 /* Products */;
			projectDirPath = "";
			projectRoot = "";
			targets = (
				03012D171D29EF27003C4924 /* 童伙妈妈 */,
			);
		};
/* End PBXProject section */

/* Begin PBXResourcesBuildPhase section */
		03012D161D29EF27003C4924 /* Resources */ = {
			isa = PBXResourcesBuildPhase;
			buildActionMask = 2147483647;
			files = (
				03012D2E1D29EF27003C4924 /* LaunchScreen.storyboard in Resources */,
				03012D2B1D29EF27003C4924 /* Assets.xcassets in Resources */,
				03012D261D29EF27003C4924 /* Main.storyboard in Resources */,
			);
			runOnlyForDeploymentPostprocessing = 0;
		};
/* End PBXResourcesBuildPhase section */

/* Begin PBXSourcesBuildPhase section */
		03012D141D29EF27003C4924 /* Sources */ = {
			isa = PBXSourcesBuildPhase;
			buildActionMask = 2147483647;
			files = (
				03C33E971D2A095900955737 /* XAlertViewHelper.m in Sources */,
				03C33E901D2A00E600955737 /* NSObject+FileWithBundle.m in Sources */,
				03C33E861D29FF9400955737 /* XNavigationController.m in Sources */,
				03012D231D29EF27003C4924 /* ViewController.m in Sources */,
				03C33E891D29FFF700955737 /* UIBarButtonItem+CustomItem.m in Sources */,
				03012D291D29EF27003C4924 /* ____.xcdatamodeld in Sources */,
				03012D201D29EF27003C4924 /* AppDelegate.m in Sources */,
				03C33E911D2A00E600955737 /* UIView+SetSize.m in Sources */,
				03012D1D1D29EF27003C4924 /* main.m in Sources */,
				03C33E941D2A06D300955737 /* MainPage.m in Sources */,
				03C33E831D29FF5E00955737 /* XTabBar.m in Sources */,
			);
			runOnlyForDeploymentPostprocessing = 0;
		};
/* End PBXSourcesBuildPhase section */

/* Begin PBXVariantGroup section */
		03012D241D29EF27003C4924 /* Main.storyboard */ = {
			isa = PBXVariantGroup;
			children = (
				03012D251D29EF27003C4924 /* Base */,
			);
			name = Main.storyboard;
			sourceTree = "<group>";
		};
		03012D2C1D29EF27003C4924 /* LaunchScreen.storyboard */ = {
			isa = PBXVariantGroup;
			children = (
				03012D2D1D29EF27003C4924 /* Base */,
			);
			name = LaunchScreen.storyboard;
			sourceTree = "<group>";
		};
/* End PBXVariantGroup section */

/* Begin XCBuildConfiguration section */
		03012D301D29EF27003C4924 /* Debug */ = {
			isa = XCBuildConfiguration;
			buildSettings = {
				ALWAYS_SEARCH_USER_PATHS = NO;
				CLANG_CXX_LANGUAGE_STANDARD = "gnu++0x";
				CLANG_CXX_LIBRARY = "libc++";
				CLANG_ENABLE_MODULES = YES;
				CLANG_ENABLE_OBJC_ARC = YES;
				CLANG_WARN_BOOL_CONVERSION = YES;
				CLANG_WARN_CONSTANT_CONVERSION = YES;
				CLANG_WARN_DIRECT_OBJC_ISA_USAGE = YES_ERROR;
				CLANG_WARN_EMPTY_BODY = YES;
				CLANG_WARN_ENUM_CONVERSION = YES;
				CLANG_WARN_INT_CONVERSION = YES;
				CLANG_WARN_OBJC_ROOT_CLASS = YES_ERROR;
				CLANG_WARN_UNREACHABLE_CODE = YES;
				CLANG_WARN__DUPLICATE_METHOD_MATCH = YES;
				"CODE_SIGN_IDENTITY[sdk=iphoneos*]" = "iPhone Developer";
				COPY_PHASE_STRIP = NO;
				DEBUG_INFORMATION_FORMAT = dwarf;
				ENABLE_STRICT_OBJC_MSGSEND = YES;
				ENABLE_TESTABILITY = YES;
				GCC_C_LANGUAGE_STANDARD = gnu99;
				GCC_DYNAMIC_NO_PIC = NO;
				GCC_NO_COMMON_BLOCKS = YES;
				GCC_OPTIMIZATION_LEVEL = 0;
				GCC_PREPROCESSOR_DEFINITIONS = (
					"DEBUG=1",
					"$(inherited)",
				);
				GCC_WARN_64_TO_32_BIT_CONVERSION = YES;
				GCC_WARN_ABOUT_RETURN_TYPE = YES_ERROR;
				GCC_WARN_UNDECLARED_SELECTOR = YES;
				GCC_WARN_UNINITIALIZED_AUTOS = YES_AGGRESSIVE;
				GCC_WARN_UNUSED_FUNCTION = YES;
				GCC_WARN_UNUSED_VARIABLE = YES;
				IPHONEOS_DEPLOYMENT_TARGET = 9.2;
				MTL_ENABLE_DEBUG_INFO = YES;
				ONLY_ACTIVE_ARCH = YES;
				SDKROOT = iphoneos;
			};
			name = Debug;
		};
		03012D311D29EF27003C4924 /* Release */ = {
			isa = XCBuildConfiguration;
			buildSettings = {
				ALWAYS_SEARCH_USER_PATHS = NO;
				CLANG_CXX_LANGUAGE_STANDARD = "gnu++0x";
				CLANG_CXX_LIBRARY = "libc++";
				CLANG_ENABLE_MODULES = YES;
				CLANG_ENABLE_OBJC_ARC = YES;
				CLANG_WARN_BOOL_CONVERSION = YES;
				CLANG_WARN_CONSTANT_CONVERSION = YES;
				CLANG_WARN_DIRECT_OBJC_ISA_USAGE = YES_ERROR;
				CLANG_WARN_EMPTY_BODY = YES;
				CLANG_WARN_ENUM_CONVERSION = YES;
				CLANG_WARN_INT_CONVERSION = YES;
				CLANG_WARN_OBJC_ROOT_CLASS = YES_ERROR;
				CLANG_WARN_UNREACHABLE_CODE = YES;
				CLANG_WARN__DUPLICATE_METHOD_MATCH = YES;
				"CODE_SIGN_IDENTITY[sdk=iphoneos*]" = "iPhone Developer";
				COPY_PHASE_STRIP = NO;
				DEBUG_INFORMATION_FORMAT = "dwarf-with-dsym";
				ENABLE_NS_ASSERTIONS = NO;
				ENABLE_STRICT_OBJC_MSGSEND = YES;
				GCC_C_LANGUAGE_STANDARD = gnu99;
				GCC_NO_COMMON_BLOCKS = YES;
				GCC_WARN_64_TO_32_BIT_CONVERSION = YES;
				GCC_WARN_ABOUT_RETURN_TYPE = YES_ERROR;
				GCC_WARN_UNDECLARED_SELECTOR = YES;
				GCC_WARN_UNINITIALIZED_AUTOS = YES_AGGRESSIVE;
				GCC_WARN_UNUSED_FUNCTION = YES;
				GCC_WARN_UNUSED_VARIABLE = YES;
				IPHONEOS_DEPLOYMENT_TARGET = 9.2;
				MTL_ENABLE_DEBUG_INFO = NO;
				SDKROOT = iphoneos;
				VALIDATE_PRODUCT = YES;
			};
			name = Release;
		};
		03012D331D29EF27003C4924 /* Debug */ = {
			isa = XCBuildConfiguration;
			buildSettings = {
				ASSETCATALOG_COMPILER_APPICON_NAME = AppIcon;
				GCC_PREFIX_HEADER = "/Users/xionghx/GitHub/童伙妈妈/PrefixHeader.pch";
				INFOPLIST_FILE = "童伙妈妈/Info.plist";
				LD_RUNPATH_SEARCH_PATHS = "$(inherited) @executable_path/Frameworks";
				PRODUCT_BUNDLE_IDENTIFIER = "xhx.----";
				PRODUCT_NAME = "$(TARGET_NAME)";
			};
			name = Debug;
		};
		03012D341D29EF27003C4924 /* Release */ = {
			isa = XCBuildConfiguration;
			buildSettings = {
				ASSETCATALOG_COMPILER_APPICON_NAME = AppIcon;
				GCC_PREFIX_HEADER = "/Users/xionghx/GitHub/童伙妈妈/PrefixHeader.pch";
				INFOPLIST_FILE = "童伙妈妈/Info.plist";
				LD_RUNPATH_SEARCH_PATHS = "$(inherited) @executable_path/Frameworks";
				PRODUCT_BUNDLE_IDENTIFIER = "xhx.----";
				PRODUCT_NAME = "$(TARGET_NAME)";
			};
			name = Release;
		};
/* End XCBuildConfiguration section */

/* Begin XCConfigurationList section */
		03012D131D29EF27003C4924 /* Build configuration list for PBXProject "童伙妈妈" */ = {
			isa = XCConfigurationList;
			buildConfigurations = (
				03012D301D29EF27003C4924 /* Debug */,
				03012D311D29EF27003C4924 /* Release */,
			);
			defaultConfigurationIsVisible = 0;
			defaultConfigurationName = Release;
		};
		03012D321D29EF27003C4924 /* Build configuration list for PBXNativeTarget "童伙妈妈" */ = {
			isa = XCConfigurationList;
			buildConfigurations = (
				03012D331D29EF27003C4924 /* Debug */,
				03012D341D29EF27003C4924 /* Release */,
			);
			defaultConfigurationIsVisible = 0;
			defaultConfigurationName = Release;
		};
/* End XCConfigurationList section */

/* Begin XCVersionGroup section */
		03012D271D29EF27003C4924 /* ____.xcdatamodeld */ = {
			isa = XCVersionGroup;
			children = (
				03012D281D29EF27003C4924 /* ____.xcdatamodel */,
			);
			currentVersion = 03012D281D29EF27003C4924 /* ____.xcdatamodel */;
			path = "____.xcdatamodeld";
			sourceTree = "<group>";
			versionGroupType = wrapper.xcdatamodel;
		};
/* End XCVersionGroup section */
	};
	rootObject = 03012D101D29EF27003C4924 /* Project object */;
}
